
Microsoft Visual Studio Solution File, Format Version 12.00
# Visual Studio Version 17
VisualStudioVersion = 17.5.33414.496
MinimumVisualStudioVersion = 10.0.40219.1
Project("{9A19103F-16F7-4668-BE54-9A1E7A4F7556}") = "OOP_Fundamentals", "OOP_Fundamentals\OOP_Fundamentals.csproj", "{ABED998B-1D02-46FC-9D4A-503297453CFB}"
EndProject
Project("{9A19103F-16F7-4668-BE54-9A1E7A4F7556}") = "Scope", "Scope\Scope.csproj", "{FF769532-614C-4B2D-9BD7-0F4AD39AEB4F}"
EndProject
Project("{9A19103F-16F7-4668-BE54-9A1E7A4F7556}") = "Accesors", "Accesors\Accesors.csproj", "{6F24E02D-4AF2-4F95-BD7C-FC53049D7AF5}"
EndProject
Project("{9A19103F-16F7-4668-BE54-9A1E7A4F7556}") = "Properties", "Properties\Properties.csproj", "{412CCA3B-A6CC-4D7E-A5AE-E6AC89A28C64}"
EndProject
Project("{9A19103F-16F7-4668-BE54-9A1E7A4F7556}") = "Constructor", "Constructor\Constructor.csproj", "{81CD335B-92BA-4186-86C5-D44CC63ECD85}"
EndProject
Project("{9A19103F-16F7-4668-BE54-9A1E7A4F7556}") = "Static", "Static\Static.csproj", "{213001D8-38E2-458E-8777-5B8EA9086E3B}"
EndProject
Project("{9A19103F-16F7-4668-BE54-9A1E7A4F7556}") = "Interfaces", "Interfaces\Interfaces.csproj", "{807584DA-0AC2-4D02-8DCF-48DB0E3CB85E}"
EndProject
Project("{9A19103F-16F7-4668-BE54-9A1E7A4F7556}") = "IEnumerableAndIEnumerator", "IEnumerableAndIEnumerator\IEnumerableAndIEnumerator.csproj", "{2BF4B164-B83B-494D-A513-2E13C0D77EB1}"
EndProject
Project("{9A19103F-16F7-4668-BE54-9A1E7A4F7556}") = "Delegates", "Delegates\Delegates.csproj", "{3C050870-021B-4057-A628-7775F789BD3C}"
EndProject
Project("{FAE04EC0-301F-11D3-BF4B-00C04F79EFBC}") = "Generics", "Generics\Generics.csproj", "{A85E7B33-5403-4652-9DF6-203378150961}"
EndProject
Global
	GlobalSection(SolutionConfigurationPlatforms) = preSolution
		Debug|Any CPU = Debug|Any CPU
		Release|Any CPU = Release|Any CPU
	EndGlobalSection
	GlobalSection(ProjectConfigurationPlatforms) = postSolution
		{ABED998B-1D02-46FC-9D4A-503297453CFB}.Debug|Any CPU.ActiveCfg = Debug|Any CPU
		{ABED998B-1D02-46FC-9D4A-503297453CFB}.Debug|Any CPU.Build.0 = Debug|Any CPU
		{ABED998B-1D02-46FC-9D4A-503297453CFB}.Release|Any CPU.ActiveCfg = Release|Any CPU
		{ABED998B-1D02-46FC-9D4A-503297453CFB}.Release|Any CPU.Build.0 = Release|Any CPU
		{FF769532-614C-4B2D-9BD7-0F4AD39AEB4F}.Debug|Any CPU.ActiveCfg = Debug|Any CPU
		{FF769532-614C-4B2D-9BD7-0F4AD39AEB4F}.Debug|Any CPU.Build.0 = Debug|Any CPU
		{FF769532-614C-4B2D-9BD7-0F4AD39AEB4F}.Release|Any CPU.ActiveCfg = Release|Any CPU
		{FF769532-614C-4B2D-9BD7-0F4AD39AEB4F}.Release|Any CPU.Build.0 = Release|Any CPU
		{6F24E02D-4AF2-4F95-BD7C-FC53049D7AF5}.Debug|Any CPU.ActiveCfg = Debug|Any CPU
		{6F24E02D-4AF2-4F95-BD7C-FC53049D7AF5}.Debug|Any CPU.Build.0 = Debug|Any CPU
		{6F24E02D-4AF2-4F95-BD7C-FC53049D7AF5}.Release|Any CPU.ActiveCfg = Release|Any CPU
		{6F24E02D-4AF2-4F95-BD7C-FC53049D7AF5}.Release|Any CPU.Build.0 = Release|Any CPU
		{412CCA3B-A6CC-4D7E-A5AE-E6AC89A28C64}.Debug|Any CPU.ActiveCfg = Debug|Any CPU
		{412CCA3B-A6CC-4D7E-A5AE-E6AC89A28C64}.Debug|Any CPU.Build.0 = Debug|Any CPU
		{412CCA3B-A6CC-4D7E-A5AE-E6AC89A28C64}.Release|Any CPU.ActiveCfg = Release|Any CPU
		{412CCA3B-A6CC-4D7E-A5AE-E6AC89A28C64}.Release|Any CPU.Build.0 = Release|Any CPU
		{81CD335B-92BA-4186-86C5-D44CC63ECD85}.Debug|Any CPU.ActiveCfg = Debug|Any CPU
		{81CD335B-92BA-4186-86C5-D44CC63ECD85}.Debug|Any CPU.Build.0 = Debug|Any CPU
		{81CD335B-92BA-4186-86C5-D44CC63ECD85}.Release|Any CPU.ActiveCfg = Release|Any CPU
		{81CD335B-92BA-4186-86C5-D44CC63ECD85}.Release|Any CPU.Build.0 = Release|Any CPU
		{213001D8-38E2-458E-8777-5B8EA9086E3B}.Debug|Any CPU.ActiveCfg = Debug|Any CPU
		{213001D8-38E2-458E-8777-5B8EA9086E3B}.Debug|Any CPU.Build.0 = Debug|Any CPU
		{213001D8-38E2-458E-8777-5B8EA9086E3B}.Release|Any CPU.ActiveCfg = Release|Any CPU
		{213001D8-38E2-458E-8777-5B8EA9086E3B}.Release|Any CPU.Build.0 = Release|Any CPU
		{807584DA-0AC2-4D02-8DCF-48DB0E3CB85E}.Debug|Any CPU.ActiveCfg = Debug|Any CPU
		{807584DA-0AC2-4D02-8DCF-48DB0E3CB85E}.Debug|Any CPU.Build.0 = Debug|Any CPU
		{807584DA-0AC2-4D02-8DCF-48DB0E3CB85E}.Release|Any CPU.ActiveCfg = Release|Any CPU
		{807584DA-0AC2-4D02-8DCF-48DB0E3CB85E}.Release|Any CPU.Build.0 = Release|Any CPU
		{2BF4B164-B83B-494D-A513-2E13C0D77EB1}.Debug|Any CPU.ActiveCfg = Debug|Any CPU
		{2BF4B164-B83B-494D-A513-2E13C0D77EB1}.Debug|Any CPU.Build.0 = Debug|Any CPU
		{2BF4B164-B83B-494D-A513-2E13C0D77EB1}.Release|Any CPU.ActiveCfg = Release|Any CPU
		{2BF4B164-B83B-494D-A513-2E13C0D77EB1}.Release|Any CPU.Build.0 = Release|Any CPU
		{3C050870-021B-4057-A628-7775F789BD3C}.Debug|Any CPU.ActiveCfg = Debug|Any CPU
		{3C050870-021B-4057-A628-7775F789BD3C}.Debug|Any CPU.Build.0 = Debug|Any CPU
		{3C050870-021B-4057-A628-7775F789BD3C}.Release|Any CPU.ActiveCfg = Release|Any CPU
		{3C050870-021B-4057-A628-7775F789BD3C}.Release|Any CPU.Build.0 = Release|Any CPU
		{A85E7B33-5403-4652-9DF6-203378150961}.Debug|Any CPU.ActiveCfg = Debug|Any CPU
		{A85E7B33-5403-4652-9DF6-203378150961}.Debug|Any CPU.Build.0 = Debug|Any CPU
		{A85E7B33-5403-4652-9DF6-203378150961}.Release|Any CPU.ActiveCfg = Release|Any CPU
		{A85E7B33-5403-4652-9DF6-203378150961}.Release|Any CPU.Build.0 = Release|Any CPU
	EndGlobalSection
	GlobalSection(SolutionProperties) = preSolution
		HideSolutionNode = FALSE
	EndGlobalSection
	GlobalSection(ExtensibilityGlobals) = postSolution
		SolutionGuid = {9B07A292-75B7-44C4-B8E7-DB17EEB55342}
	EndGlobalSection
EndGlobal
