
Microsoft Visual Studio Solution File, Format Version 12.00
# Visual Studio Version 17
VisualStudioVersion = 17.5.33414.496
MinimumVisualStudioVersion = 10.0.40219.1
Project("{9A19103F-16F7-4668-BE54-9A1E7A4F7556}") = "Excersise_I", "Excersise_I\Excersise_I.csproj", "{31113166-3C62-467E-BE56-4C797844D83C}"
EndProject
Project("{9A19103F-16F7-4668-BE54-9A1E7A4F7556}") = "Excersise_II", "Excersise_II\Excersise_II.csproj", "{C63D17EE-2C20-41B1-AFEE-107F72B6BAAE}"
EndProject
Project("{FAE04EC0-301F-11D3-BF4B-00C04F79EFBC}") = "Excersise_III", "Excersise_III\Excersise_III.csproj", "{F2898892-76DA-4C2E-8192-7EAF0ECA4425}"
EndProject
Global
	GlobalSection(SolutionConfigurationPlatforms) = preSolution
		Debug|Any CPU = Debug|Any CPU
		Release|Any CPU = Release|Any CPU
	EndGlobalSection
	GlobalSection(ProjectConfigurationPlatforms) = postSolution
		{31113166-3C62-467E-BE56-4C797844D83C}.Debug|Any CPU.ActiveCfg = Debug|Any CPU
		{31113166-3C62-467E-BE56-4C797844D83C}.Debug|Any CPU.Build.0 = Debug|Any CPU
		{31113166-3C62-467E-BE56-4C797844D83C}.Release|Any CPU.ActiveCfg = Release|Any CPU
		{31113166-3C62-467E-BE56-4C797844D83C}.Release|Any CPU.Build.0 = Release|Any CPU
		{C63D17EE-2C20-41B1-AFEE-107F72B6BAAE}.Debug|Any CPU.ActiveCfg = Debug|Any CPU
		{C63D17EE-2C20-41B1-AFEE-107F72B6BAAE}.Debug|Any CPU.Build.0 = Debug|Any CPU
		{C63D17EE-2C20-41B1-AFEE-107F72B6BAAE}.Release|Any CPU.ActiveCfg = Release|Any CPU
		{C63D17EE-2C20-41B1-AFEE-107F72B6BAAE}.Release|Any CPU.Build.0 = Release|Any CPU
		{F2898892-76DA-4C2E-8192-7EAF0ECA4425}.Debug|Any CPU.ActiveCfg = Debug|Any CPU
		{F2898892-76DA-4C2E-8192-7EAF0ECA4425}.Debug|Any CPU.Build.0 = Debug|Any CPU
		{F2898892-76DA-4C2E-8192-7EAF0ECA4425}.Release|Any CPU.ActiveCfg = Release|Any CPU
		{F2898892-76DA-4C2E-8192-7EAF0ECA4425}.Release|Any CPU.Build.0 = Release|Any CPU
	EndGlobalSection
	GlobalSection(SolutionProperties) = preSolution
		HideSolutionNode = FALSE
	EndGlobalSection
	GlobalSection(ExtensibilityGlobals) = postSolution
		SolutionGuid = {F40661F2-95A9-4E5D-990D-9B195F339978}
	EndGlobalSection
EndGlobal
