
Microsoft Visual Studio Solution File, Format Version 12.00
# Visual Studio Version 17
VisualStudioVersion = 17.5.33414.496
MinimumVisualStudioVersion = 10.0.40219.1
Project("{9A19103F-16F7-4668-BE54-9A1E7A4F7556}") = "Variables", "Variables\Variables.csproj", "{3DEAB818-46F9-4332-B7E0-878036706F93}"
EndProject
Project("{9A19103F-16F7-4668-BE54-9A1E7A4F7556}") = "Variables_II", "Variables_II\Variables_II.csproj", "{3EEC8228-2E61-44B2-AA55-36FF3A45B95D}"
EndProject
Project("{9A19103F-16F7-4668-BE54-9A1E7A4F7556}") = "ArithmeticOperators", "ArithmeticOperators\ArithmeticOperators.csproj", "{1C9DCCA8-AE3C-4300-A625-205E980AD51F}"
EndProject
Project("{9A19103F-16F7-4668-BE54-9A1E7A4F7556}") = "Practice_I", "Practice_I\Practice_I.csproj", "{3C81CEF7-FD02-484D-9B65-73F59B89BA26}"
EndProject
Project("{9A19103F-16F7-4668-BE54-9A1E7A4F7556}") = "Practice_II", "Practice_II\Practice_II.csproj", "{AD98FEED-72ED-41D3-A7F6-18627999E76C}"
EndProject
Project("{9A19103F-16F7-4668-BE54-9A1E7A4F7556}") = "Practice_III", "Practice_III\Practice_III.csproj", "{6C0860DE-F3EF-4FC5-A099-C565BDC9AB11}"
EndProject
Project("{9A19103F-16F7-4668-BE54-9A1E7A4F7556}") = "Strings", "Strings\Strings.csproj", "{6A7AD4F5-6238-4DDB-A241-6CFDBFF82B06}"
EndProject
Project("{9A19103F-16F7-4668-BE54-9A1E7A4F7556}") = "Practice_IV", "Practice_IV\Practice_IV.csproj", "{9FBD7512-E2F0-4A4E-ADB7-95DE6EB6FD93}"
EndProject
Project("{9A19103F-16F7-4668-BE54-9A1E7A4F7556}") = "IfStatement", "IfStatement\IfStatement.csproj", "{6F87ED60-677E-4555-8052-822E4F7B041C}"
EndProject
Project("{9A19103F-16F7-4668-BE54-9A1E7A4F7556}") = "Switch", "Switch\Switch.csproj", "{5623BC4A-EB47-4347-9669-54F18626EFFA}"
EndProject
Project("{FAE04EC0-301F-11D3-BF4B-00C04F79EFBC}") = "ForLoop", "ForLoop\ForLoop.csproj", "{47648B5F-4E96-44CD-9A45-DDF0DCED773D}"
EndProject
Project("{FAE04EC0-301F-11D3-BF4B-00C04F79EFBC}") = "WhileLoop", "WhileLoop\WhileLoop.csproj", "{1B1CAF1B-3A9E-4DF2-9303-4FDA9C8163AC}"
EndProject
Project("{FAE04EC0-301F-11D3-BF4B-00C04F79EFBC}") = "Arrays", "Arrays\Arrays.csproj", "{A0E0F480-8CBE-438B-B4DF-8ED1773FCC36}"
EndProject
Project("{FAE04EC0-301F-11D3-BF4B-00C04F79EFBC}") = "Practice_V", "Practice_V\Practice_V.csproj", "{336E9DAB-F3A2-42B9-8634-1D3D4ADB7411}"
EndProject
Project("{FAE04EC0-301F-11D3-BF4B-00C04F79EFBC}") = "Methods", "Methods\Methods.csproj", "{9D7C1921-8E40-4C7E-A4C1-0009E977D528}"
EndProject
Project("{FAE04EC0-301F-11D3-BF4B-00C04F79EFBC}") = "Practice_VI", "Practice_VI\Practice_VI.csproj", "{3644F97B-DA96-44CD-8764-3514B1D012D2}"
EndProject
Project("{FAE04EC0-301F-11D3-BF4B-00C04F79EFBC}") = "Structs", "Structs\Structs.csproj", "{8D76C3CD-059B-41CF-A5B7-5BC0EF604EFE}"
EndProject
Global
	GlobalSection(SolutionConfigurationPlatforms) = preSolution
		Debug|Any CPU = Debug|Any CPU
		Release|Any CPU = Release|Any CPU
	EndGlobalSection
	GlobalSection(ProjectConfigurationPlatforms) = postSolution
		{3DEAB818-46F9-4332-B7E0-878036706F93}.Debug|Any CPU.ActiveCfg = Debug|Any CPU
		{3DEAB818-46F9-4332-B7E0-878036706F93}.Debug|Any CPU.Build.0 = Debug|Any CPU
		{3DEAB818-46F9-4332-B7E0-878036706F93}.Release|Any CPU.ActiveCfg = Release|Any CPU
		{3DEAB818-46F9-4332-B7E0-878036706F93}.Release|Any CPU.Build.0 = Release|Any CPU
		{3EEC8228-2E61-44B2-AA55-36FF3A45B95D}.Debug|Any CPU.ActiveCfg = Debug|Any CPU
		{3EEC8228-2E61-44B2-AA55-36FF3A45B95D}.Debug|Any CPU.Build.0 = Debug|Any CPU
		{3EEC8228-2E61-44B2-AA55-36FF3A45B95D}.Release|Any CPU.ActiveCfg = Release|Any CPU
		{3EEC8228-2E61-44B2-AA55-36FF3A45B95D}.Release|Any CPU.Build.0 = Release|Any CPU
		{1C9DCCA8-AE3C-4300-A625-205E980AD51F}.Debug|Any CPU.ActiveCfg = Debug|Any CPU
		{1C9DCCA8-AE3C-4300-A625-205E980AD51F}.Debug|Any CPU.Build.0 = Debug|Any CPU
		{1C9DCCA8-AE3C-4300-A625-205E980AD51F}.Release|Any CPU.ActiveCfg = Release|Any CPU
		{1C9DCCA8-AE3C-4300-A625-205E980AD51F}.Release|Any CPU.Build.0 = Release|Any CPU
		{3C81CEF7-FD02-484D-9B65-73F59B89BA26}.Debug|Any CPU.ActiveCfg = Debug|Any CPU
		{3C81CEF7-FD02-484D-9B65-73F59B89BA26}.Debug|Any CPU.Build.0 = Debug|Any CPU
		{3C81CEF7-FD02-484D-9B65-73F59B89BA26}.Release|Any CPU.ActiveCfg = Release|Any CPU
		{3C81CEF7-FD02-484D-9B65-73F59B89BA26}.Release|Any CPU.Build.0 = Release|Any CPU
		{AD98FEED-72ED-41D3-A7F6-18627999E76C}.Debug|Any CPU.ActiveCfg = Debug|Any CPU
		{AD98FEED-72ED-41D3-A7F6-18627999E76C}.Debug|Any CPU.Build.0 = Debug|Any CPU
		{AD98FEED-72ED-41D3-A7F6-18627999E76C}.Release|Any CPU.ActiveCfg = Release|Any CPU
		{AD98FEED-72ED-41D3-A7F6-18627999E76C}.Release|Any CPU.Build.0 = Release|Any CPU
		{6C0860DE-F3EF-4FC5-A099-C565BDC9AB11}.Debug|Any CPU.ActiveCfg = Debug|Any CPU
		{6C0860DE-F3EF-4FC5-A099-C565BDC9AB11}.Debug|Any CPU.Build.0 = Debug|Any CPU
		{6C0860DE-F3EF-4FC5-A099-C565BDC9AB11}.Release|Any CPU.ActiveCfg = Release|Any CPU
		{6C0860DE-F3EF-4FC5-A099-C565BDC9AB11}.Release|Any CPU.Build.0 = Release|Any CPU
		{6A7AD4F5-6238-4DDB-A241-6CFDBFF82B06}.Debug|Any CPU.ActiveCfg = Debug|Any CPU
		{6A7AD4F5-6238-4DDB-A241-6CFDBFF82B06}.Debug|Any CPU.Build.0 = Debug|Any CPU
		{6A7AD4F5-6238-4DDB-A241-6CFDBFF82B06}.Release|Any CPU.ActiveCfg = Release|Any CPU
		{6A7AD4F5-6238-4DDB-A241-6CFDBFF82B06}.Release|Any CPU.Build.0 = Release|Any CPU
		{9FBD7512-E2F0-4A4E-ADB7-95DE6EB6FD93}.Debug|Any CPU.ActiveCfg = Debug|Any CPU
		{9FBD7512-E2F0-4A4E-ADB7-95DE6EB6FD93}.Debug|Any CPU.Build.0 = Debug|Any CPU
		{9FBD7512-E2F0-4A4E-ADB7-95DE6EB6FD93}.Release|Any CPU.ActiveCfg = Release|Any CPU
		{9FBD7512-E2F0-4A4E-ADB7-95DE6EB6FD93}.Release|Any CPU.Build.0 = Release|Any CPU
		{6F87ED60-677E-4555-8052-822E4F7B041C}.Debug|Any CPU.ActiveCfg = Debug|Any CPU
		{6F87ED60-677E-4555-8052-822E4F7B041C}.Debug|Any CPU.Build.0 = Debug|Any CPU
		{6F87ED60-677E-4555-8052-822E4F7B041C}.Release|Any CPU.ActiveCfg = Release|Any CPU
		{6F87ED60-677E-4555-8052-822E4F7B041C}.Release|Any CPU.Build.0 = Release|Any CPU
		{5623BC4A-EB47-4347-9669-54F18626EFFA}.Debug|Any CPU.ActiveCfg = Debug|Any CPU
		{5623BC4A-EB47-4347-9669-54F18626EFFA}.Debug|Any CPU.Build.0 = Debug|Any CPU
		{5623BC4A-EB47-4347-9669-54F18626EFFA}.Release|Any CPU.ActiveCfg = Release|Any CPU
		{5623BC4A-EB47-4347-9669-54F18626EFFA}.Release|Any CPU.Build.0 = Release|Any CPU
		{47648B5F-4E96-44CD-9A45-DDF0DCED773D}.Debug|Any CPU.ActiveCfg = Debug|Any CPU
		{47648B5F-4E96-44CD-9A45-DDF0DCED773D}.Debug|Any CPU.Build.0 = Debug|Any CPU
		{47648B5F-4E96-44CD-9A45-DDF0DCED773D}.Release|Any CPU.ActiveCfg = Release|Any CPU
		{47648B5F-4E96-44CD-9A45-DDF0DCED773D}.Release|Any CPU.Build.0 = Release|Any CPU
		{1B1CAF1B-3A9E-4DF2-9303-4FDA9C8163AC}.Debug|Any CPU.ActiveCfg = Debug|Any CPU
		{1B1CAF1B-3A9E-4DF2-9303-4FDA9C8163AC}.Debug|Any CPU.Build.0 = Debug|Any CPU
		{1B1CAF1B-3A9E-4DF2-9303-4FDA9C8163AC}.Release|Any CPU.ActiveCfg = Release|Any CPU
		{1B1CAF1B-3A9E-4DF2-9303-4FDA9C8163AC}.Release|Any CPU.Build.0 = Release|Any CPU
		{A0E0F480-8CBE-438B-B4DF-8ED1773FCC36}.Debug|Any CPU.ActiveCfg = Debug|Any CPU
		{A0E0F480-8CBE-438B-B4DF-8ED1773FCC36}.Debug|Any CPU.Build.0 = Debug|Any CPU
		{A0E0F480-8CBE-438B-B4DF-8ED1773FCC36}.Release|Any CPU.ActiveCfg = Release|Any CPU
		{A0E0F480-8CBE-438B-B4DF-8ED1773FCC36}.Release|Any CPU.Build.0 = Release|Any CPU
		{336E9DAB-F3A2-42B9-8634-1D3D4ADB7411}.Debug|Any CPU.ActiveCfg = Debug|Any CPU
		{336E9DAB-F3A2-42B9-8634-1D3D4ADB7411}.Debug|Any CPU.Build.0 = Debug|Any CPU
		{336E9DAB-F3A2-42B9-8634-1D3D4ADB7411}.Release|Any CPU.ActiveCfg = Release|Any CPU
		{336E9DAB-F3A2-42B9-8634-1D3D4ADB7411}.Release|Any CPU.Build.0 = Release|Any CPU
		{9D7C1921-8E40-4C7E-A4C1-0009E977D528}.Debug|Any CPU.ActiveCfg = Debug|Any CPU
		{9D7C1921-8E40-4C7E-A4C1-0009E977D528}.Debug|Any CPU.Build.0 = Debug|Any CPU
		{9D7C1921-8E40-4C7E-A4C1-0009E977D528}.Release|Any CPU.ActiveCfg = Release|Any CPU
		{9D7C1921-8E40-4C7E-A4C1-0009E977D528}.Release|Any CPU.Build.0 = Release|Any CPU
		{3644F97B-DA96-44CD-8764-3514B1D012D2}.Debug|Any CPU.ActiveCfg = Debug|Any CPU
		{3644F97B-DA96-44CD-8764-3514B1D012D2}.Debug|Any CPU.Build.0 = Debug|Any CPU
		{3644F97B-DA96-44CD-8764-3514B1D012D2}.Release|Any CPU.ActiveCfg = Release|Any CPU
		{3644F97B-DA96-44CD-8764-3514B1D012D2}.Release|Any CPU.Build.0 = Release|Any CPU
		{8D76C3CD-059B-41CF-A5B7-5BC0EF604EFE}.Debug|Any CPU.ActiveCfg = Debug|Any CPU
		{8D76C3CD-059B-41CF-A5B7-5BC0EF604EFE}.Debug|Any CPU.Build.0 = Debug|Any CPU
		{8D76C3CD-059B-41CF-A5B7-5BC0EF604EFE}.Release|Any CPU.ActiveCfg = Release|Any CPU
		{8D76C3CD-059B-41CF-A5B7-5BC0EF604EFE}.Release|Any CPU.Build.0 = Release|Any CPU
	EndGlobalSection
	GlobalSection(SolutionProperties) = preSolution
		HideSolutionNode = FALSE
	EndGlobalSection
	GlobalSection(ExtensibilityGlobals) = postSolution
		SolutionGuid = {835D0BAD-CE65-4FF0-9247-418B1EBEB855}
	EndGlobalSection
EndGlobal
